
Microsoft Visual Studio Solution File, Format Version 12.00
# Visual Studio Version 17
VisualStudioVersion = 17.3.32519.111
MinimumVisualStudioVersion = 10.0.40219.1
Project("{FAE04EC0-301F-11D3-BF4B-00C04F79EFBC}") = "CheckCoverage", "CheckCoverage\CheckCoverage.csproj", "{DAF1D634-A206-4375-A01E-F70D5E017D90}"
EndProject
Global
	GlobalSection(SolutionConfigurationPlatforms) = preSolution
		Debug|Any CPU = Debug|Any CPU
		Release|Any CPU = Release|Any CPU
	EndGlobalSection
	GlobalSection(ProjectConfigurationPlatforms) = postSolution
		{DAF1D634-A206-4375-A01E-F70D5E017D90}.Debug|Any CPU.ActiveCfg = Debug|Any CPU
		{DAF1D634-A206-4375-A01E-F70D5E017D90}.Debug|Any CPU.Build.0 = Debug|Any CPU
		{DAF1D634-A206-4375-A01E-F70D5E017D90}.Release|Any CPU.ActiveCfg = Release|Any CPU
		{DAF1D634-A206-4375-A01E-F70D5E017D90}.Release|Any CPU.Build.0 = Release|Any CPU
	EndGlobalSection
	GlobalSection(SolutionProperties) = preSolution
		HideSolutionNode = FALSE
	EndGlobalSection
	GlobalSection(ExtensibilityGlobals) = postSolution
		SolutionGuid = {87A93835-36CB-4757-9316-4247E37B4AD7}
	EndGlobalSection
EndGlobal
